
Microsoft Visual Studio Solution File, Format Version 12.00
# Visual Studio 15
VisualStudioVersion = 15.0.28010.2050
MinimumVisualStudioVersion = 10.0.40219.1
Project("{E24C65DC-7377-472B-9ABA-BC803B73C61A}") = "ExtendedControlsJS", ".", "{DC52FADD-20EF-4343-A7AD-41BEA836748B}"
	ProjectSection(WebsiteProperties) = preProject
		TargetFrameworkMoniker = ".NETFramework,Version%3Dv4.6.1"
		Debug.AspNetCompiler.VirtualPath = "/localhost_55689"
		Debug.AspNetCompiler.PhysicalPath = "..\ExtendedControlsJS\"
		Debug.AspNetCompiler.TargetPath = "PrecompiledWeb\localhost_55689\"
		Debug.AspNetCompiler.Updateable = "true"
		Debug.AspNetCompiler.ForceOverwrite = "true"
		Debug.AspNetCompiler.FixedNames = "false"
		Debug.AspNetCompiler.Debug = "True"
		Release.AspNetCompiler.VirtualPath = "/localhost_55689"
		Release.AspNetCompiler.PhysicalPath = "..\ExtendedControlsJS\"
		Release.AspNetCompiler.TargetPath = "PrecompiledWeb\localhost_55689\"
		Release.AspNetCompiler.Updateable = "true"
		Release.AspNetCompiler.ForceOverwrite = "true"
		Release.AspNetCompiler.FixedNames = "false"
		Release.AspNetCompiler.Debug = "False"
		VWDPort = "55689"
	EndProjectSection
EndProject
Global
	GlobalSection(SolutionConfigurationPlatforms) = preSolution
		Debug|Any CPU = Debug|Any CPU
	EndGlobalSection
	GlobalSection(ProjectConfigurationPlatforms) = postSolution
		{DC52FADD-20EF-4343-A7AD-41BEA836748B}.Debug|Any CPU.ActiveCfg = Debug|Any CPU
		{DC52FADD-20EF-4343-A7AD-41BEA836748B}.Debug|Any CPU.Build.0 = Debug|Any CPU
	EndGlobalSection
	GlobalSection(SolutionProperties) = preSolution
		HideSolutionNode = FALSE
	EndGlobalSection
	GlobalSection(ExtensibilityGlobals) = postSolution
		SolutionGuid = {FF69D1C6-7C91-426E-8215-1355DCAD00AA}
	EndGlobalSection
EndGlobal
